// !$*UTF8*$!
{
	archiveVersion = 1;
	classes = {
	};
	objectVersion = 56;
	objects = {

/* Begin PBXBuildFile section */
		8F52BFDD2B8F9AC400CC85D2 /* AsyncSequenceState.swift in Sources */ = {isa = PBXBuildFile; fileRef = 8F52BFDC2B8F9AC400CC85D2 /* AsyncSequenceState.swift */; };
		8F52BFDF2B8F9B4D00CC85D2 /* AsyncCurrentValueSubjectState.swift in Sources */ = {isa = PBXBuildFile; fileRef = 8F52BFDE2B8F9B4D00CC85D2 /* AsyncCurrentValueSubjectState.swift */; };
		8F52BFE32B8F9C6600CC85D2 /* RunningService.swift in Sources */ = {isa = PBXBuildFile; fileRef = 8F52BFE22B8F9C6600CC85D2 /* RunningService.swift */; };
		8F52BFE52B8F9ED400CC85D2 /* RunningService.State.swift in Sources */ = {isa = PBXBuildFile; fileRef = 8F52BFE42B8F9ED400CC85D2 /* RunningService.State.swift */; };
		8F52BFE72B8F9F4000CC85D2 /* RunningService_AppIntents.swift in Sources */ = {isa = PBXBuildFile; fileRef = 8F52BFE62B8F9F4000CC85D2 /* RunningService_AppIntents.swift */; };
		8F52BFE82B8FA00100CC85D2 /* RunningService.swift in Sources */ = {isa = PBXBuildFile; fileRef = 8F52BFE22B8F9C6600CC85D2 /* RunningService.swift */; };
		8F52BFE92B8FA00700CC85D2 /* RunningService.State.swift in Sources */ = {isa = PBXBuildFile; fileRef = 8F52BFE42B8F9ED400CC85D2 /* RunningService.State.swift */; };
		8F52BFEB2B8FA03B00CC85D2 /* AsyncCurrentValueSubjectState.swift in Sources */ = {isa = PBXBuildFile; fileRef = 8F52BFDE2B8F9B4D00CC85D2 /* AsyncCurrentValueSubjectState.swift */; };
		8F52BFEC2B8FA03F00CC85D2 /* AsyncSequenceState.swift in Sources */ = {isa = PBXBuildFile; fileRef = 8F52BFDC2B8F9AC400CC85D2 /* AsyncSequenceState.swift */; };
		8F52BFED2B8FA18600CC85D2 /* ExplorationView.swift in Sources */ = {isa = PBXBuildFile; fileRef = 8FC60B9D2B8B85E1000B0A8C /* ExplorationView.swift */; };
		8F52BFEF2B909E6500CC85D2 /* AsyncObservation.swift in Sources */ = {isa = PBXBuildFile; fileRef = 8F52BFEE2B909E6500CC85D2 /* AsyncObservation.swift */; };
		8F52BFF12B909E9D00CC85D2 /* AsyncObservationTests.swift in Sources */ = {isa = PBXBuildFile; fileRef = 8F52BFF02B909E9D00CC85D2 /* AsyncObservationTests.swift */; };
		8F52BFF22B90BC8800CC85D2 /* AsyncObservation.swift in Sources */ = {isa = PBXBuildFile; fileRef = 8F52BFEE2B909E6500CC85D2 /* AsyncObservation.swift */; };
		8F52BFF42B90F0D000CC85D2 /* Assignement.swift in Sources */ = {isa = PBXBuildFile; fileRef = 8F52BFF32B90F0D000CC85D2 /* Assignement.swift */; };
		8F52BFF52B90F0F100CC85D2 /* Assignement.swift in Sources */ = {isa = PBXBuildFile; fileRef = 8F52BFF32B90F0D000CC85D2 /* Assignement.swift */; };
		8FA98F722B8D2C10004360E9 /* AsyncExtensions in Frameworks */ = {isa = PBXBuildFile; productRef = 8FA98F712B8D2C10004360E9 /* AsyncExtensions */; };
		8FA98F742B8D2C83004360E9 /* AsyncExtensions in Frameworks */ = {isa = PBXBuildFile; productRef = 8FA98F732B8D2C83004360E9 /* AsyncExtensions */; };
		8FA98F762B8D3598004360E9 /* ExplorationLiveActivity.swift in Sources */ = {isa = PBXBuildFile; fileRef = 8FC60BFB2B8D0B20000B0A8C /* ExplorationLiveActivity.swift */; };
		8FA98F792B8DCE1F004360E9 /* AsyncAlgorithms in Frameworks */ = {isa = PBXBuildFile; productRef = 8FA98F782B8DCE1F004360E9 /* AsyncAlgorithms */; };
		8FA98F7B2B8DD1D5004360E9 /* ActivityModel.swift in Sources */ = {isa = PBXBuildFile; fileRef = 8FA98F7A2B8DD1D5004360E9 /* ActivityModel.swift */; };
		8FC60B9C2B8B85E1000B0A8C /* ExplorerApp.swift in Sources */ = {isa = PBXBuildFile; fileRef = 8FC60B9B2B8B85E1000B0A8C /* ExplorerApp.swift */; };
		8FC60BA02B8B85E3000B0A8C /* Assets.xcassets in Resources */ = {isa = PBXBuildFile; fileRef = 8FC60B9F2B8B85E3000B0A8C /* Assets.xcassets */; };
		8FC60BA32B8B85E3000B0A8C /* Preview Assets.xcassets in Resources */ = {isa = PBXBuildFile; fileRef = 8FC60BA22B8B85E3000B0A8C /* Preview Assets.xcassets */; };
		8FC60BAD2B8B85E3000B0A8C /* ExplorerTests.swift in Sources */ = {isa = PBXBuildFile; fileRef = 8FC60BAC2B8B85E3000B0A8C /* ExplorerTests.swift */; };
		8FC60BB72B8B85E3000B0A8C /* ExplorerUITests.swift in Sources */ = {isa = PBXBuildFile; fileRef = 8FC60BB62B8B85E3000B0A8C /* ExplorerUITests.swift */; };
		8FC60BB92B8B85E3000B0A8C /* ExplorerUITestsLaunchTests.swift in Sources */ = {isa = PBXBuildFile; fileRef = 8FC60BB82B8B85E3000B0A8C /* ExplorerUITestsLaunchTests.swift */; };
		8FC60BC82B8B8CFD000B0A8C /* RunningServiceTests.swift in Sources */ = {isa = PBXBuildFile; fileRef = 8FC60BC72B8B8CFD000B0A8C /* RunningServiceTests.swift */; };
		8FC60BF52B8D0B20000B0A8C /* WidgetKit.framework in Frameworks */ = {isa = PBXBuildFile; fileRef = 8FC60BF42B8D0B20000B0A8C /* WidgetKit.framework */; };
		8FC60BF72B8D0B20000B0A8C /* SwiftUI.framework in Frameworks */ = {isa = PBXBuildFile; fileRef = 8FC60BF62B8D0B20000B0A8C /* SwiftUI.framework */; };
		8FC60BFA2B8D0B20000B0A8C /* ExplorationBundle.swift in Sources */ = {isa = PBXBuildFile; fileRef = 8FC60BF92B8D0B20000B0A8C /* ExplorationBundle.swift */; };
		8FC60BFC2B8D0B20000B0A8C /* ExplorationLiveActivity.swift in Sources */ = {isa = PBXBuildFile; fileRef = 8FC60BFB2B8D0B20000B0A8C /* ExplorationLiveActivity.swift */; };
		8FC60BFE2B8D0B20000B0A8C /* Exploration.swift in Sources */ = {isa = PBXBuildFile; fileRef = 8FC60BFD2B8D0B20000B0A8C /* Exploration.swift */; };
		8FC60C002B8D0B23000B0A8C /* Assets.xcassets in Resources */ = {isa = PBXBuildFile; fileRef = 8FC60BFF2B8D0B23000B0A8C /* Assets.xcassets */; };
		8FC60C042B8D0B23000B0A8C /* ExplorationExtension.appex in Embed Foundation Extensions */ = {isa = PBXBuildFile; fileRef = 8FC60BF22B8D0B20000B0A8C /* ExplorationExtension.appex */; settings = {ATTRIBUTES = (RemoveHeadersOnCopy, ); }; };
/* End PBXBuildFile section */

/* Begin PBXContainerItemProxy section */
		8FC60BA92B8B85E3000B0A8C /* PBXContainerItemProxy */ = {
			isa = PBXContainerItemProxy;
			containerPortal = 8FC60B902B8B85E1000B0A8C /* Project object */;
			proxyType = 1;
			remoteGlobalIDString = 8FC60B972B8B85E1000B0A8C;
			remoteInfo = Explorer;
		};
		8FC60BB32B8B85E3000B0A8C /* PBXContainerItemProxy */ = {
			isa = PBXContainerItemProxy;
			containerPortal = 8FC60B902B8B85E1000B0A8C /* Project object */;
			proxyType = 1;
			remoteGlobalIDString = 8FC60B972B8B85E1000B0A8C;
			remoteInfo = Explorer;
		};
		8FC60C022B8D0B23000B0A8C /* PBXContainerItemProxy */ = {
			isa = PBXContainerItemProxy;
			containerPortal = 8FC60B902B8B85E1000B0A8C /* Project object */;
			proxyType = 1;
			remoteGlobalIDString = 8FC60BF12B8D0B20000B0A8C;
			remoteInfo = ExplorationExtension;
		};
/* End PBXContainerItemProxy section */

/* Begin PBXCopyFilesBuildPhase section */
		8FC60C082B8D0B23000B0A8C /* Embed Foundation Extensions */ = {
			isa = PBXCopyFilesBuildPhase;
			buildActionMask = 2147483647;
			dstPath = "";
			dstSubfolderSpec = 13;
			files = (
				8FC60C042B8D0B23000B0A8C /* ExplorationExtension.appex in Embed Foundation Extensions */,
			);
			name = "Embed Foundation Extensions";
			runOnlyForDeploymentPostprocessing = 0;
		};
/* End PBXCopyFilesBuildPhase section */

/* Begin PBXFileReference section */
		8F52BFDC2B8F9AC400CC85D2 /* AsyncSequenceState.swift */ = {isa = PBXFileReference; lastKnownFileType = sourcecode.swift; path = AsyncSequenceState.swift; sourceTree = "<group>"; };
		8F52BFDE2B8F9B4D00CC85D2 /* AsyncCurrentValueSubjectState.swift */ = {isa = PBXFileReference; lastKnownFileType = sourcecode.swift; path = AsyncCurrentValueSubjectState.swift; sourceTree = "<group>"; };
		8F52BFE22B8F9C6600CC85D2 /* RunningService.swift */ = {isa = PBXFileReference; lastKnownFileType = sourcecode.swift; path = RunningService.swift; sourceTree = "<group>"; };
		8F52BFE42B8F9ED400CC85D2 /* RunningService.State.swift */ = {isa = PBXFileReference; lastKnownFileType = sourcecode.swift; path = RunningService.State.swift; sourceTree = "<group>"; };
		8F52BFE62B8F9F4000CC85D2 /* RunningService_AppIntents.swift */ = {isa = PBXFileReference; lastKnownFileType = sourcecode.swift; path = RunningService_AppIntents.swift; sourceTree = "<group>"; };
		8F52BFEE2B909E6500CC85D2 /* AsyncObservation.swift */ = {isa = PBXFileReference; lastKnownFileType = sourcecode.swift; path = AsyncObservation.swift; sourceTree = "<group>"; };
		8F52BFF02B909E9D00CC85D2 /* AsyncObservationTests.swift */ = {isa = PBXFileReference; lastKnownFileType = sourcecode.swift; path = AsyncObservationTests.swift; sourceTree = "<group>"; };
		8F52BFF32B90F0D000CC85D2 /* Assignement.swift */ = {isa = PBXFileReference; lastKnownFileType = sourcecode.swift; path = Assignement.swift; sourceTree = "<group>"; };
		8FA98F7A2B8DD1D5004360E9 /* ActivityModel.swift */ = {isa = PBXFileReference; lastKnownFileType = sourcecode.swift; path = ActivityModel.swift; sourceTree = "<group>"; };
		8FC60B982B8B85E1000B0A8C /* Explorer.app */ = {isa = PBXFileReference; explicitFileType = wrapper.application; includeInIndex = 0; path = Explorer.app; sourceTree = BUILT_PRODUCTS_DIR; };
		8FC60B9B2B8B85E1000B0A8C /* ExplorerApp.swift */ = {isa = PBXFileReference; lastKnownFileType = sourcecode.swift; path = ExplorerApp.swift; sourceTree = "<group>"; };
		8FC60B9D2B8B85E1000B0A8C /* ExplorationView.swift */ = {isa = PBXFileReference; lastKnownFileType = sourcecode.swift; path = ExplorationView.swift; sourceTree = "<group>"; };
		8FC60B9F2B8B85E3000B0A8C /* Assets.xcassets */ = {isa = PBXFileReference; lastKnownFileType = folder.assetcatalog; path = Assets.xcassets; sourceTree = "<group>"; };
		8FC60BA22B8B85E3000B0A8C /* Preview Assets.xcassets */ = {isa = PBXFileReference; lastKnownFileType = folder.assetcatalog; path = "Preview Assets.xcassets"; sourceTree = "<group>"; };
		8FC60BA82B8B85E3000B0A8C /* ExplorerTests.xctest */ = {isa = PBXFileReference; explicitFileType = wrapper.cfbundle; includeInIndex = 0; path = ExplorerTests.xctest; sourceTree = BUILT_PRODUCTS_DIR; };
		8FC60BAC2B8B85E3000B0A8C /* ExplorerTests.swift */ = {isa = PBXFileReference; lastKnownFileType = sourcecode.swift; path = ExplorerTests.swift; sourceTree = "<group>"; };
		8FC60BB22B8B85E3000B0A8C /* ExplorerUITests.xctest */ = {isa = PBXFileReference; explicitFileType = wrapper.cfbundle; includeInIndex = 0; path = ExplorerUITests.xctest; sourceTree = BUILT_PRODUCTS_DIR; };
		8FC60BB62B8B85E3000B0A8C /* ExplorerUITests.swift */ = {isa = PBXFileReference; lastKnownFileType = sourcecode.swift; path = ExplorerUITests.swift; sourceTree = "<group>"; };
		8FC60BB82B8B85E3000B0A8C /* ExplorerUITestsLaunchTests.swift */ = {isa = PBXFileReference; lastKnownFileType = sourcecode.swift; path = ExplorerUITestsLaunchTests.swift; sourceTree = "<group>"; };
		8FC60BC62B8B89F0000B0A8C /* Unit Tests.xctestplan */ = {isa = PBXFileReference; lastKnownFileType = text; path = "Unit Tests.xctestplan"; sourceTree = "<group>"; };
		8FC60BC72B8B8CFD000B0A8C /* RunningServiceTests.swift */ = {isa = PBXFileReference; lastKnownFileType = sourcecode.swift; path = RunningServiceTests.swift; sourceTree = "<group>"; };
		8FC60BD12B8CF767000B0A8C /* AppModel.swift */ = {isa = PBXFileReference; lastKnownFileType = sourcecode.swift; path = AppModel.swift; sourceTree = "<group>"; };
		8FC60BF22B8D0B20000B0A8C /* ExplorationExtension.appex */ = {isa = PBXFileReference; explicitFileType = "wrapper.app-extension"; includeInIndex = 0; path = ExplorationExtension.appex; sourceTree = BUILT_PRODUCTS_DIR; };
		8FC60BF42B8D0B20000B0A8C /* WidgetKit.framework */ = {isa = PBXFileReference; lastKnownFileType = wrapper.framework; name = WidgetKit.framework; path = System/Library/Frameworks/WidgetKit.framework; sourceTree = SDKROOT; };
		8FC60BF62B8D0B20000B0A8C /* SwiftUI.framework */ = {isa = PBXFileReference; lastKnownFileType = wrapper.framework; name = SwiftUI.framework; path = System/Library/Frameworks/SwiftUI.framework; sourceTree = SDKROOT; };
		8FC60BF92B8D0B20000B0A8C /* ExplorationBundle.swift */ = {isa = PBXFileReference; lastKnownFileType = sourcecode.swift; path = ExplorationBundle.swift; sourceTree = "<group>"; };
		8FC60BFB2B8D0B20000B0A8C /* ExplorationLiveActivity.swift */ = {isa = PBXFileReference; lastKnownFileType = sourcecode.swift; path = ExplorationLiveActivity.swift; sourceTree = "<group>"; };
		8FC60BFD2B8D0B20000B0A8C /* Exploration.swift */ = {isa = PBXFileReference; lastKnownFileType = sourcecode.swift; path = Exploration.swift; sourceTree = "<group>"; };
		8FC60BFF2B8D0B23000B0A8C /* Assets.xcassets */ = {isa = PBXFileReference; lastKnownFileType = folder.assetcatalog; path = Assets.xcassets; sourceTree = "<group>"; };
		8FC60C012B8D0B23000B0A8C /* Info.plist */ = {isa = PBXFileReference; lastKnownFileType = text.plist.xml; path = Info.plist; sourceTree = "<group>"; };
/* End PBXFileReference section */

/* Begin PBXFrameworksBuildPhase section */
		8FC60B952B8B85E1000B0A8C /* Frameworks */ = {
			isa = PBXFrameworksBuildPhase;
			buildActionMask = 2147483647;
			files = (
				8FA98F722B8D2C10004360E9 /* AsyncExtensions in Frameworks */,
				8FA98F792B8DCE1F004360E9 /* AsyncAlgorithms in Frameworks */,
			);
			runOnlyForDeploymentPostprocessing = 0;
		};
		8FC60BA52B8B85E3000B0A8C /* Frameworks */ = {
			isa = PBXFrameworksBuildPhase;
			buildActionMask = 2147483647;
			files = (
			);
			runOnlyForDeploymentPostprocessing = 0;
		};
		8FC60BAF2B8B85E3000B0A8C /* Frameworks */ = {
			isa = PBXFrameworksBuildPhase;
			buildActionMask = 2147483647;
			files = (
			);
			runOnlyForDeploymentPostprocessing = 0;
		};
		8FC60BEF2B8D0B20000B0A8C /* Frameworks */ = {
			isa = PBXFrameworksBuildPhase;
			buildActionMask = 2147483647;
			files = (
				8FA98F742B8D2C83004360E9 /* AsyncExtensions in Frameworks */,
				8FC60BF72B8D0B20000B0A8C /* SwiftUI.framework in Frameworks */,
				8FC60BF52B8D0B20000B0A8C /* WidgetKit.framework in Frameworks */,
			);
			runOnlyForDeploymentPostprocessing = 0;
		};
/* End PBXFrameworksBuildPhase section */

/* Begin PBXGroup section */
		8FC60B8F2B8B85E1000B0A8C = {
			isa = PBXGroup;
			children = (
				8FC60BC62B8B89F0000B0A8C /* Unit Tests.xctestplan */,
				8FC60B9A2B8B85E1000B0A8C /* Explorer */,
				8FC60BAB2B8B85E3000B0A8C /* ExplorerTests */,
				8FC60BB52B8B85E3000B0A8C /* ExplorerUITests */,
				8FC60BF82B8D0B20000B0A8C /* Exploration */,
				8FC60BF32B8D0B20000B0A8C /* Frameworks */,
				8FC60B992B8B85E1000B0A8C /* Products */,
			);
			sourceTree = "<group>";
		};
		8FC60B992B8B85E1000B0A8C /* Products */ = {
			isa = PBXGroup;
			children = (
				8FC60B982B8B85E1000B0A8C /* Explorer.app */,
				8FC60BA82B8B85E3000B0A8C /* ExplorerTests.xctest */,
				8FC60BB22B8B85E3000B0A8C /* ExplorerUITests.xctest */,
				8FC60BF22B8D0B20000B0A8C /* ExplorationExtension.appex */,
			);
			name = Products;
			sourceTree = "<group>";
		};
		8FC60B9A2B8B85E1000B0A8C /* Explorer */ = {
			isa = PBXGroup;
			children = (
				8FC60B9B2B8B85E1000B0A8C /* ExplorerApp.swift */,
				8FC60BD12B8CF767000B0A8C /* AppModel.swift */,
				8FA98F7A2B8DD1D5004360E9 /* ActivityModel.swift */,
				8FC60B9D2B8B85E1000B0A8C /* ExplorationView.swift */,
				8F52BFEE2B909E6500CC85D2 /* AsyncObservation.swift */,
				8F52BFF32B90F0D000CC85D2 /* Assignement.swift */,
				8F52BFDC2B8F9AC400CC85D2 /* AsyncSequenceState.swift */,
				8F52BFDE2B8F9B4D00CC85D2 /* AsyncCurrentValueSubjectState.swift */,
				8F52BFE22B8F9C6600CC85D2 /* RunningService.swift */,
				8F52BFE42B8F9ED400CC85D2 /* RunningService.State.swift */,
				8F52BFE62B8F9F4000CC85D2 /* RunningService_AppIntents.swift */,
				8FC60B9F2B8B85E3000B0A8C /* Assets.xcassets */,
				8FC60BA12B8B85E3000B0A8C /* Preview Content */,
			);
			path = Explorer;
			sourceTree = "<group>";
		};
		8FC60BA12B8B85E3000B0A8C /* Preview Content */ = {
			isa = PBXGroup;
			children = (
				8FC60BA22B8B85E3000B0A8C /* Preview Assets.xcassets */,
			);
			path = "Preview Content";
			sourceTree = "<group>";
		};
		8FC60BAB2B8B85E3000B0A8C /* ExplorerTests */ = {
			isa = PBXGroup;
			children = (
				8FC60BAC2B8B85E3000B0A8C /* ExplorerTests.swift */,
				8F52BFF02B909E9D00CC85D2 /* AsyncObservationTests.swift */,
				8FC60BC72B8B8CFD000B0A8C /* RunningServiceTests.swift */,
			);
			path = ExplorerTests;
			sourceTree = "<group>";
		};
		8FC60BB52B8B85E3000B0A8C /* ExplorerUITests */ = {
			isa = PBXGroup;
			children = (
				8FC60BB62B8B85E3000B0A8C /* ExplorerUITests.swift */,
				8FC60BB82B8B85E3000B0A8C /* ExplorerUITestsLaunchTests.swift */,
			);
			path = ExplorerUITests;
			sourceTree = "<group>";
		};
		8FC60BF32B8D0B20000B0A8C /* Frameworks */ = {
			isa = PBXGroup;
			children = (
				8FC60BF42B8D0B20000B0A8C /* WidgetKit.framework */,
				8FC60BF62B8D0B20000B0A8C /* SwiftUI.framework */,
			);
			name = Frameworks;
			sourceTree = "<group>";
		};
		8FC60BF82B8D0B20000B0A8C /* Exploration */ = {
			isa = PBXGroup;
			children = (
				8FC60BF92B8D0B20000B0A8C /* ExplorationBundle.swift */,
				8FC60BFB2B8D0B20000B0A8C /* ExplorationLiveActivity.swift */,
				8FC60BFD2B8D0B20000B0A8C /* Exploration.swift */,
				8FC60BFF2B8D0B23000B0A8C /* Assets.xcassets */,
				8FC60C012B8D0B23000B0A8C /* Info.plist */,
			);
			path = Exploration;
			sourceTree = "<group>";
		};
/* End PBXGroup section */

/* Begin PBXNativeTarget section */
		8FC60B972B8B85E1000B0A8C /* Explorer */ = {
			isa = PBXNativeTarget;
			buildConfigurationList = 8FC60BBC2B8B85E3000B0A8C /* Build configuration list for PBXNativeTarget "Explorer" */;
			buildPhases = (
				8FC60B942B8B85E1000B0A8C /* Sources */,
				8FC60B952B8B85E1000B0A8C /* Frameworks */,
				8FC60B962B8B85E1000B0A8C /* Resources */,
				8FC60C082B8D0B23000B0A8C /* Embed Foundation Extensions */,
			);
			buildRules = (
			);
			dependencies = (
				8FC60C032B8D0B23000B0A8C /* PBXTargetDependency */,
			);
			name = Explorer;
			packageProductDependencies = (
				8FA98F712B8D2C10004360E9 /* AsyncExtensions */,
				8FA98F782B8DCE1F004360E9 /* AsyncAlgorithms */,
			);
			productName = Explorer;
			productReference = 8FC60B982B8B85E1000B0A8C /* Explorer.app */;
			productType = "com.apple.product-type.application";
		};
		8FC60BA72B8B85E3000B0A8C /* ExplorerTests */ = {
			isa = PBXNativeTarget;
			buildConfigurationList = 8FC60BBF2B8B85E3000B0A8C /* Build configuration list for PBXNativeTarget "ExplorerTests" */;
			buildPhases = (
				8FC60BA42B8B85E3000B0A8C /* Sources */,
				8FC60BA52B8B85E3000B0A8C /* Frameworks */,
				8FC60BA62B8B85E3000B0A8C /* Resources */,
			);
			buildRules = (
			);
			dependencies = (
				8FC60BAA2B8B85E3000B0A8C /* PBXTargetDependency */,
			);
			name = ExplorerTests;
			productName = ExplorerTests;
			productReference = 8FC60BA82B8B85E3000B0A8C /* ExplorerTests.xctest */;
			productType = "com.apple.product-type.bundle.unit-test";
		};
		8FC60BB12B8B85E3000B0A8C /* ExplorerUITests */ = {
			isa = PBXNativeTarget;
			buildConfigurationList = 8FC60BC22B8B85E3000B0A8C /* Build configuration list for PBXNativeTarget "ExplorerUITests" */;
			buildPhases = (
				8FC60BAE2B8B85E3000B0A8C /* Sources */,
				8FC60BAF2B8B85E3000B0A8C /* Frameworks */,
				8FC60BB02B8B85E3000B0A8C /* Resources */,
			);
			buildRules = (
			);
			dependencies = (
				8FC60BB42B8B85E3000B0A8C /* PBXTargetDependency */,
			);
			name = ExplorerUITests;
			productName = ExplorerUITests;
			productReference = 8FC60BB22B8B85E3000B0A8C /* ExplorerUITests.xctest */;
			productType = "com.apple.product-type.bundle.ui-testing";
		};
		8FC60BF12B8D0B20000B0A8C /* ExplorationExtension */ = {
			isa = PBXNativeTarget;
			buildConfigurationList = 8FC60C052B8D0B23000B0A8C /* Build configuration list for PBXNativeTarget "ExplorationExtension" */;
			buildPhases = (
				8FC60BEE2B8D0B20000B0A8C /* Sources */,
				8FC60BEF2B8D0B20000B0A8C /* Frameworks */,
				8FC60BF02B8D0B20000B0A8C /* Resources */,
			);
			buildRules = (
			);
			dependencies = (
			);
			name = ExplorationExtension;
			packageProductDependencies = (
				8FA98F732B8D2C83004360E9 /* AsyncExtensions */,
			);
			productName = ExplorationExtension;
			productReference = 8FC60BF22B8D0B20000B0A8C /* ExplorationExtension.appex */;
			productType = "com.apple.product-type.app-extension";
		};
/* End PBXNativeTarget section */

/* Begin PBXProject section */
		8FC60B902B8B85E1000B0A8C /* Project object */ = {
			isa = PBXProject;
			attributes = {
				BuildIndependentTargetsInParallel = 1;
				LastSwiftUpdateCheck = 1520;
				LastUpgradeCheck = 1520;
				TargetAttributes = {
					8FC60B972B8B85E1000B0A8C = {
						CreatedOnToolsVersion = 15.2;
					};
					8FC60BA72B8B85E3000B0A8C = {
						CreatedOnToolsVersion = 15.2;
						TestTargetID = 8FC60B972B8B85E1000B0A8C;
					};
					8FC60BB12B8B85E3000B0A8C = {
						CreatedOnToolsVersion = 15.2;
						TestTargetID = 8FC60B972B8B85E1000B0A8C;
					};
					8FC60BF12B8D0B20000B0A8C = {
						CreatedOnToolsVersion = 15.2;
					};
				};
			};
			buildConfigurationList = 8FC60B932B8B85E1000B0A8C /* Build configuration list for PBXProject "Explorer" */;
			compatibilityVersion = "Xcode 14.0";
			developmentRegion = en;
			hasScannedForEncodings = 0;
			knownRegions = (
				en,
				Base,
			);
			mainGroup = 8FC60B8F2B8B85E1000B0A8C;
			packageReferences = (
				8FA98F702B8D2C10004360E9 /* XCRemoteSwiftPackageReference "AsyncExtensions" */,
				8FA98F772B8DCE1F004360E9 /* XCRemoteSwiftPackageReference "swift-async-algorithms" */,
			);
			productRefGroup = 8FC60B992B8B85E1000B0A8C /* Products */;
			projectDirPath = "";
			projectRoot = "";
			targets = (
				8FC60B972B8B85E1000B0A8C /* Explorer */,
				8FC60BA72B8B85E3000B0A8C /* ExplorerTests */,
				8FC60BB12B8B85E3000B0A8C /* ExplorerUITests */,
				8FC60BF12B8D0B20000B0A8C /* ExplorationExtension */,
			);
		};
/* End PBXProject section */

/* Begin PBXResourcesBuildPhase section */
		8FC60B962B8B85E1000B0A8C /* Resources */ = {
			isa = PBXResourcesBuildPhase;
			buildActionMask = 2147483647;
			files = (
				8FC60BA32B8B85E3000B0A8C /* Preview Assets.xcassets in Resources */,
				8FC60BA02B8B85E3000B0A8C /* Assets.xcassets in Resources */,
			);
			runOnlyForDeploymentPostprocessing = 0;
		};
		8FC60BA62B8B85E3000B0A8C /* Resources */ = {
			isa = PBXResourcesBuildPhase;
			buildActionMask = 2147483647;
			files = (
			);
			runOnlyForDeploymentPostprocessing = 0;
		};
		8FC60BB02B8B85E3000B0A8C /* Resources */ = {
			isa = PBXResourcesBuildPhase;
			buildActionMask = 2147483647;
			files = (
			);
			runOnlyForDeploymentPostprocessing = 0;
		};
		8FC60BF02B8D0B20000B0A8C /* Resources */ = {
			isa = PBXResourcesBuildPhase;
			buildActionMask = 2147483647;
			files = (
				8FC60C002B8D0B23000B0A8C /* Assets.xcassets in Resources */,
			);
			runOnlyForDeploymentPostprocessing = 0;
		};
/* End PBXResourcesBuildPhase section */

/* Begin PBXSourcesBuildPhase section */
		8FC60B942B8B85E1000B0A8C /* Sources */ = {
			isa = PBXSourcesBuildPhase;
			buildActionMask = 2147483647;
			files = (
				8F52BFF42B90F0D000CC85D2 /* Assignement.swift in Sources */,
				8F52BFED2B8FA18600CC85D2 /* ExplorationView.swift in Sources */,
				8F52BFE52B8F9ED400CC85D2 /* RunningService.State.swift in Sources */,
				8F52BFE32B8F9C6600CC85D2 /* RunningService.swift in Sources */,
				8F52BFDF2B8F9B4D00CC85D2 /* AsyncCurrentValueSubjectState.swift in Sources */,
				8FA98F7B2B8DD1D5004360E9 /* ActivityModel.swift in Sources */,
				8F52BFDD2B8F9AC400CC85D2 /* AsyncSequenceState.swift in Sources */,
				8F52BFEF2B909E6500CC85D2 /* AsyncObservation.swift in Sources */,
				8F52BFE72B8F9F4000CC85D2 /* RunningService_AppIntents.swift in Sources */,
				8FC60B9C2B8B85E1000B0A8C /* ExplorerApp.swift in Sources */,
				8FA98F762B8D3598004360E9 /* ExplorationLiveActivity.swift in Sources */,
			);
			runOnlyForDeploymentPostprocessing = 0;
		};
		8FC60BA42B8B85E3000B0A8C /* Sources */ = {
			isa = PBXSourcesBuildPhase;
			buildActionMask = 2147483647;
			files = (
				8F52BFF12B909E9D00CC85D2 /* AsyncObservationTests.swift in Sources */,
				8FC60BAD2B8B85E3000B0A8C /* ExplorerTests.swift in Sources */,
				8FC60BC82B8B8CFD000B0A8C /* RunningServiceTests.swift in Sources */,
			);
			runOnlyForDeploymentPostprocessing = 0;
		};
		8FC60BAE2B8B85E3000B0A8C /* Sources */ = {
			isa = PBXSourcesBuildPhase;
			buildActionMask = 2147483647;
			files = (
				8FC60BB92B8B85E3000B0A8C /* ExplorerUITestsLaunchTests.swift in Sources */,
				8FC60BB72B8B85E3000B0A8C /* ExplorerUITests.swift in Sources */,
			);
			runOnlyForDeploymentPostprocessing = 0;
		};
		8FC60BEE2B8D0B20000B0A8C /* Sources */ = {
			isa = PBXSourcesBuildPhase;
			buildActionMask = 2147483647;
			files = (
				8F52BFEC2B8FA03F00CC85D2 /* AsyncSequenceState.swift in Sources */,
				8FC60BFC2B8D0B20000B0A8C /* ExplorationLiveActivity.swift in Sources */,
				8F52BFE82B8FA00100CC85D2 /* RunningService.swift in Sources */,
				8F52BFF22B90BC8800CC85D2 /* AsyncObservation.swift in Sources */,
				8F52BFF52B90F0F100CC85D2 /* Assignement.swift in Sources */,
				8FC60BFA2B8D0B20000B0A8C /* ExplorationBundle.swift in Sources */,
				8FC60BFE2B8D0B20000B0A8C /* Exploration.swift in Sources */,
				8F52BFEB2B8FA03B00CC85D2 /* AsyncCurrentValueSubjectState.swift in Sources */,
				8F52BFE92B8FA00700CC85D2 /* RunningService.State.swift in Sources */,
			);
			runOnlyForDeploymentPostprocessing = 0;
		};
/* End PBXSourcesBuildPhase section */

/* Begin PBXTargetDependency section */
		8FC60BAA2B8B85E3000B0A8C /* PBXTargetDependency */ = {
			isa = PBXTargetDependency;
			target = 8FC60B972B8B85E1000B0A8C /* Explorer */;
			targetProxy = 8FC60BA92B8B85E3000B0A8C /* PBXContainerItemProxy */;
		};
		8FC60BB42B8B85E3000B0A8C /* PBXTargetDependency */ = {
			isa = PBXTargetDependency;
			target = 8FC60B972B8B85E1000B0A8C /* Explorer */;
			targetProxy = 8FC60BB32B8B85E3000B0A8C /* PBXContainerItemProxy */;
		};
		8FC60C032B8D0B23000B0A8C /* PBXTargetDependency */ = {
			isa = PBXTargetDependency;
			target = 8FC60BF12B8D0B20000B0A8C /* ExplorationExtension */;
			targetProxy = 8FC60C022B8D0B23000B0A8C /* PBXContainerItemProxy */;
		};
/* End PBXTargetDependency section */

/* Begin XCBuildConfiguration section */
		8FC60BBA2B8B85E3000B0A8C /* Debug */ = {
			isa = XCBuildConfiguration;
			buildSettings = {
				ALWAYS_SEARCH_USER_PATHS = NO;
				ASSETCATALOG_COMPILER_GENERATE_SWIFT_ASSET_SYMBOL_EXTENSIONS = YES;
				CLANG_ANALYZER_NONNULL = YES;
				CLANG_ANALYZER_NUMBER_OBJECT_CONVERSION = YES_AGGRESSIVE;
				CLANG_CXX_LANGUAGE_STANDARD = "gnu++20";
				CLANG_ENABLE_MODULES = YES;
				CLANG_ENABLE_OBJC_ARC = YES;
				CLANG_ENABLE_OBJC_WEAK = YES;
				CLANG_WARN_BLOCK_CAPTURE_AUTORELEASING = YES;
				CLANG_WARN_BOOL_CONVERSION = YES;
				CLANG_WARN_COMMA = YES;
				CLANG_WARN_CONSTANT_CONVERSION = YES;
				CLANG_WARN_DEPRECATED_OBJC_IMPLEMENTATIONS = YES;
				CLANG_WARN_DIRECT_OBJC_ISA_USAGE = YES_ERROR;
				CLANG_WARN_DOCUMENTATION_COMMENTS = YES;
				CLANG_WARN_EMPTY_BODY = YES;
				CLANG_WARN_ENUM_CONVERSION = YES;
				CLANG_WARN_INFINITE_RECURSION = YES;
				CLANG_WARN_INT_CONVERSION = YES;
				CLANG_WARN_NON_LITERAL_NULL_CONVERSION = YES;
				CLANG_WARN_OBJC_IMPLICIT_RETAIN_SELF = YES;
				CLANG_WARN_OBJC_LITERAL_CONVERSION = YES;
				CLANG_WARN_OBJC_ROOT_CLASS = YES_ERROR;
				CLANG_WARN_QUOTED_INCLUDE_IN_FRAMEWORK_HEADER = YES;
				CLANG_WARN_RANGE_LOOP_ANALYSIS = YES;
				CLANG_WARN_STRICT_PROTOTYPES = YES;
				CLANG_WARN_SUSPICIOUS_MOVE = YES;
				CLANG_WARN_UNGUARDED_AVAILABILITY = YES_AGGRESSIVE;
				CLANG_WARN_UNREACHABLE_CODE = YES;
				CLANG_WARN__DUPLICATE_METHOD_MATCH = YES;
				COPY_PHASE_STRIP = NO;
				DEBUG_INFORMATION_FORMAT = dwarf;
				ENABLE_STRICT_OBJC_MSGSEND = YES;
				ENABLE_TESTABILITY = YES;
				ENABLE_USER_SCRIPT_SANDBOXING = YES;
				GCC_C_LANGUAGE_STANDARD = gnu17;
				GCC_DYNAMIC_NO_PIC = NO;
				GCC_NO_COMMON_BLOCKS = YES;
				GCC_OPTIMIZATION_LEVEL = 0;
				GCC_PREPROCESSOR_DEFINITIONS = (
					"DEBUG=1",
					"$(inherited)",
				);
				GCC_WARN_64_TO_32_BIT_CONVERSION = YES;
				GCC_WARN_ABOUT_RETURN_TYPE = YES_ERROR;
				GCC_WARN_UNDECLARED_SELECTOR = YES;
				GCC_WARN_UNINITIALIZED_AUTOS = YES_AGGRESSIVE;
				GCC_WARN_UNUSED_FUNCTION = YES;
				GCC_WARN_UNUSED_VARIABLE = YES;
				IPHONEOS_DEPLOYMENT_TARGET = 17.2;
				LOCALIZATION_PREFERS_STRING_CATALOGS = YES;
				MTL_ENABLE_DEBUG_INFO = INCLUDE_SOURCE;
				MTL_FAST_MATH = YES;
				ONLY_ACTIVE_ARCH = YES;
				SDKROOT = iphoneos;
				SWIFT_ACTIVE_COMPILATION_CONDITIONS = "DEBUG $(inherited)";
				SWIFT_OPTIMIZATION_LEVEL = "-Onone";
			};
			name = Debug;
		};
		8FC60BBB2B8B85E3000B0A8C /* Release */ = {
			isa = XCBuildConfiguration;
			buildSettings = {
				ALWAYS_SEARCH_USER_PATHS = NO;
				ASSETCATALOG_COMPILER_GENERATE_SWIFT_ASSET_SYMBOL_EXTENSIONS = YES;
				CLANG_ANALYZER_NONNULL = YES;
				CLANG_ANALYZER_NUMBER_OBJECT_CONVERSION = YES_AGGRESSIVE;
				CLANG_CXX_LANGUAGE_STANDARD = "gnu++20";
				CLANG_ENABLE_MODULES = YES;
				CLANG_ENABLE_OBJC_ARC = YES;
				CLANG_ENABLE_OBJC_WEAK = YES;
				CLANG_WARN_BLOCK_CAPTURE_AUTORELEASING = YES;
				CLANG_WARN_BOOL_CONVERSION = YES;
				CLANG_WARN_COMMA = YES;
				CLANG_WARN_CONSTANT_CONVERSION = YES;
				CLANG_WARN_DEPRECATED_OBJC_IMPLEMENTATIONS = YES;
				CLANG_WARN_DIRECT_OBJC_ISA_USAGE = YES_ERROR;
				CLANG_WARN_DOCUMENTATION_COMMENTS = YES;
				CLANG_WARN_EMPTY_BODY = YES;
				CLANG_WARN_ENUM_CONVERSION = YES;
				CLANG_WARN_INFINITE_RECURSION = YES;
				CLANG_WARN_INT_CONVERSION = YES;
				CLANG_WARN_NON_LITERAL_NULL_CONVERSION = YES;
				CLANG_WARN_OBJC_IMPLICIT_RETAIN_SELF = YES;
				CLANG_WARN_OBJC_LITERAL_CONVERSION = YES;
				CLANG_WARN_OBJC_ROOT_CLASS = YES_ERROR;
				CLANG_WARN_QUOTED_INCLUDE_IN_FRAMEWORK_HEADER = YES;
				CLANG_WARN_RANGE_LOOP_ANALYSIS = YES;
				CLANG_WARN_STRICT_PROTOTYPES = YES;
				CLANG_WARN_SUSPICIOUS_MOVE = YES;
				CLANG_WARN_UNGUARDED_AVAILABILITY = YES_AGGRESSIVE;
				CLANG_WARN_UNREACHABLE_CODE = YES;
				CLANG_WARN__DUPLICATE_METHOD_MATCH = YES;
				COPY_PHASE_STRIP = NO;
				DEBUG_INFORMATION_FORMAT = "dwarf-with-dsym";
				ENABLE_NS_ASSERTIONS = NO;
				ENABLE_STRICT_OBJC_MSGSEND = YES;
				ENABLE_USER_SCRIPT_SANDBOXING = YES;
				GCC_C_LANGUAGE_STANDARD = gnu17;
				GCC_NO_COMMON_BLOCKS = YES;
				GCC_WARN_64_TO_32_BIT_CONVERSION = YES;
				GCC_WARN_ABOUT_RETURN_TYPE = YES_ERROR;
				GCC_WARN_UNDECLARED_SELECTOR = YES;
				GCC_WARN_UNINITIALIZED_AUTOS = YES_AGGRESSIVE;
				GCC_WARN_UNUSED_FUNCTION = YES;
				GCC_WARN_UNUSED_VARIABLE = YES;
				IPHONEOS_DEPLOYMENT_TARGET = 17.2;
				LOCALIZATION_PREFERS_STRING_CATALOGS = YES;
				MTL_ENABLE_DEBUG_INFO = NO;
				MTL_FAST_MATH = YES;
				SDKROOT = iphoneos;
				SWIFT_COMPILATION_MODE = wholemodule;
				VALIDATE_PRODUCT = YES;
			};
			name = Release;
		};
		8FC60BBD2B8B85E3000B0A8C /* Debug */ = {
			isa = XCBuildConfiguration;
			buildSettings = {
				ALWAYS_EMBED_SWIFT_STANDARD_LIBRARIES = YES;
				ASSETCATALOG_COMPILER_APPICON_NAME = AppIcon;
				ASSETCATALOG_COMPILER_GLOBAL_ACCENT_COLOR_NAME = AccentColor;
				CODE_SIGN_STYLE = Automatic;
				CURRENT_PROJECT_VERSION = 1;
				DEVELOPMENT_ASSET_PATHS = "\"Explorer/Preview Content\"";
				DEVELOPMENT_TEAM = Z98NUU2B3L;
				ENABLE_PREVIEWS = YES;
				GENERATE_INFOPLIST_FILE = YES;
				INFOPLIST_KEY_NSSupportsLiveActivities = YES;
				INFOPLIST_KEY_UIApplicationSceneManifest_Generation = YES;
				INFOPLIST_KEY_UIApplicationSupportsIndirectInputEvents = YES;
				INFOPLIST_KEY_UILaunchScreen_Generation = YES;
				INFOPLIST_KEY_UISupportedInterfaceOrientations_iPad = "UIInterfaceOrientationPortrait UIInterfaceOrientationPortraitUpsideDown UIInterfaceOrientationLandscapeLeft UIInterfaceOrientationLandscapeRight";
				INFOPLIST_KEY_UISupportedInterfaceOrientations_iPhone = "UIInterfaceOrientationPortrait UIInterfaceOrientationLandscapeLeft UIInterfaceOrientationLandscapeRight";
				LD_RUNPATH_SEARCH_PATHS = (
					"$(inherited)",
					"@executable_path/Frameworks",
				);
				MARKETING_VERSION = 1.0;
				PRODUCT_BUNDLE_IDENTIFIER = dev.murmurations.Explorer;
				PRODUCT_NAME = "$(TARGET_NAME)";
				SWIFT_EMIT_LOC_STRINGS = YES;
				SWIFT_VERSION = 5.0;
				TARGETED_DEVICE_FAMILY = "1,2";
			};
			name = Debug;
		};
		8FC60BBE2B8B85E3000B0A8C /* Release */ = {
			isa = XCBuildConfiguration;
			buildSettings = {
				ALWAYS_EMBED_SWIFT_STANDARD_LIBRARIES = YES;
				ASSETCATALOG_COMPILER_APPICON_NAME = AppIcon;
				ASSETCATALOG_COMPILER_GLOBAL_ACCENT_COLOR_NAME = AccentColor;
				CODE_SIGN_STYLE = Automatic;
				CURRENT_PROJECT_VERSION = 1;
				DEVELOPMENT_ASSET_PATHS = "\"Explorer/Preview Content\"";
				DEVELOPMENT_TEAM = Z98NUU2B3L;
				ENABLE_PREVIEWS = YES;
				GENERATE_INFOPLIST_FILE = YES;
				INFOPLIST_KEY_NSSupportsLiveActivities = YES;
				INFOPLIST_KEY_UIApplicationSceneManifest_Generation = YES;
				INFOPLIST_KEY_UIApplicationSupportsIndirectInputEvents = YES;
				INFOPLIST_KEY_UILaunchScreen_Generation = YES;
				INFOPLIST_KEY_UISupportedInterfaceOrientations_iPad = "UIInterfaceOrientationPortrait UIInterfaceOrientationPortraitUpsideDown UIInterfaceOrientationLandscapeLeft UIInterfaceOrientationLandscapeRight";
				INFOPLIST_KEY_UISupportedInterfaceOrientations_iPhone = "UIInterfaceOrientationPortrait UIInterfaceOrientationLandscapeLeft UIInterfaceOrientationLandscapeRight";
				LD_RUNPATH_SEARCH_PATHS = (
					"$(inherited)",
					"@executable_path/Frameworks",
				);
				MARKETING_VERSION = 1.0;
				PRODUCT_BUNDLE_IDENTIFIER = dev.murmurations.Explorer;
				PRODUCT_NAME = "$(TARGET_NAME)";
				SWIFT_EMIT_LOC_STRINGS = YES;
				SWIFT_VERSION = 5.0;
				TARGETED_DEVICE_FAMILY = "1,2";
			};
			name = Release;
		};
		8FC60BC02B8B85E3000B0A8C /* Debug */ = {
			isa = XCBuildConfiguration;
			buildSettings = {
				ALWAYS_EMBED_SWIFT_STANDARD_LIBRARIES = YES;
				BUNDLE_LOADER = "$(TEST_HOST)";
				CODE_SIGN_STYLE = Automatic;
				CURRENT_PROJECT_VERSION = 1;
				DEVELOPMENT_TEAM = Z98NUU2B3L;
				GENERATE_INFOPLIST_FILE = YES;
				IPHONEOS_DEPLOYMENT_TARGET = 17.2;
				MARKETING_VERSION = 1.0;
				PRODUCT_BUNDLE_IDENTIFIER = dev.murmurations.ExplorerTests;
				PRODUCT_NAME = "$(TARGET_NAME)";
				SWIFT_EMIT_LOC_STRINGS = NO;
				SWIFT_VERSION = 5.0;
				TARGETED_DEVICE_FAMILY = "1,2";
				TEST_HOST = "$(BUILT_PRODUCTS_DIR)/Explorer.app/$(BUNDLE_EXECUTABLE_FOLDER_PATH)/Explorer";
			};
			name = Debug;
		};
		8FC60BC12B8B85E3000B0A8C /* Release */ = {
			isa = XCBuildConfiguration;
			buildSettings = {
				ALWAYS_EMBED_SWIFT_STANDARD_LIBRARIES = YES;
				BUNDLE_LOADER = "$(TEST_HOST)";
				CODE_SIGN_STYLE = Automatic;
				CURRENT_PROJECT_VERSION = 1;
				DEVELOPMENT_TEAM = Z98NUU2B3L;
				GENERATE_INFOPLIST_FILE = YES;
				IPHONEOS_DEPLOYMENT_TARGET = 17.2;
				MARKETING_VERSION = 1.0;
				PRODUCT_BUNDLE_IDENTIFIER = dev.murmurations.ExplorerTests;
				PRODUCT_NAME = "$(TARGET_NAME)";
				SWIFT_EMIT_LOC_STRINGS = NO;
				SWIFT_VERSION = 5.0;
				TARGETED_DEVICE_FAMILY = "1,2";
				TEST_HOST = "$(BUILT_PRODUCTS_DIR)/Explorer.app/$(BUNDLE_EXECUTABLE_FOLDER_PATH)/Explorer";
			};
			name = Release;
		};
		8FC60BC32B8B85E3000B0A8C /* Debug */ = {
			isa = XCBuildConfiguration;
			buildSettings = {
				ALWAYS_EMBED_SWIFT_STANDARD_LIBRARIES = YES;
				CODE_SIGN_STYLE = Automatic;
				CURRENT_PROJECT_VERSION = 1;
				DEVELOPMENT_TEAM = Z98NUU2B3L;
				GENERATE_INFOPLIST_FILE = YES;
				MARKETING_VERSION = 1.0;
				PRODUCT_BUNDLE_IDENTIFIER = dev.murmurations.ExplorerUITests;
				PRODUCT_NAME = "$(TARGET_NAME)";
				SWIFT_EMIT_LOC_STRINGS = NO;
				SWIFT_VERSION = 5.0;
				TARGETED_DEVICE_FAMILY = "1,2";
				TEST_TARGET_NAME = Explorer;
			};
			name = Debug;
		};
		8FC60BC42B8B85E3000B0A8C /* Release */ = {
			isa = XCBuildConfiguration;
			buildSettings = {
				ALWAYS_EMBED_SWIFT_STANDARD_LIBRARIES = YES;
				CODE_SIGN_STYLE = Automatic;
				CURRENT_PROJECT_VERSION = 1;
				DEVELOPMENT_TEAM = Z98NUU2B3L;
				GENERATE_INFOPLIST_FILE = YES;
				MARKETING_VERSION = 1.0;
				PRODUCT_BUNDLE_IDENTIFIER = dev.murmurations.ExplorerUITests;
				PRODUCT_NAME = "$(TARGET_NAME)";
				SWIFT_EMIT_LOC_STRINGS = NO;
				SWIFT_VERSION = 5.0;
				TARGETED_DEVICE_FAMILY = "1,2";
				TEST_TARGET_NAME = Explorer;
			};
			name = Release;
		};
		8FC60C062B8D0B23000B0A8C /* Debug */ = {
			isa = XCBuildConfiguration;
			buildSettings = {
				ASSETCATALOG_COMPILER_GLOBAL_ACCENT_COLOR_NAME = AccentColor;
				ASSETCATALOG_COMPILER_WIDGET_BACKGROUND_COLOR_NAME = WidgetBackground;
				CODE_SIGN_STYLE = Automatic;
				CURRENT_PROJECT_VERSION = 1;
				DEVELOPMENT_TEAM = Z98NUU2B3L;
				GENERATE_INFOPLIST_FILE = YES;
				INFOPLIST_FILE = Exploration/Info.plist;
				INFOPLIST_KEY_CFBundleDisplayName = Exploration;
				INFOPLIST_KEY_NSHumanReadableCopyright = "";
				LD_RUNPATH_SEARCH_PATHS = (
					"$(inherited)",
					"@executable_path/Frameworks",
					"@executable_path/../../Frameworks",
				);
				MARKETING_VERSION = 1.0;
				PRODUCT_BUNDLE_IDENTIFIER = dev.murmurations.Explorer.Exploration;
				PRODUCT_NAME = "$(TARGET_NAME)";
				SKIP_INSTALL = YES;
				SWIFT_EMIT_LOC_STRINGS = YES;
				SWIFT_VERSION = 5.0;
				TARGETED_DEVICE_FAMILY = "1,2";
			};
			name = Debug;
		};
		8FC60C072B8D0B23000B0A8C /* Release */ = {
			isa = XCBuildConfiguration;
			buildSettings = {
				ASSETCATALOG_COMPILER_GLOBAL_ACCENT_COLOR_NAME = AccentColor;
				ASSETCATALOG_COMPILER_WIDGET_BACKGROUND_COLOR_NAME = WidgetBackground;
				CODE_SIGN_STYLE = Automatic;
				CURRENT_PROJECT_VERSION = 1;
				DEVELOPMENT_TEAM = Z98NUU2B3L;
				GENERATE_INFOPLIST_FILE = YES;
				INFOPLIST_FILE = Exploration/Info.plist;
				INFOPLIST_KEY_CFBundleDisplayName = Exploration;
				INFOPLIST_KEY_NSHumanReadableCopyright = "";
				LD_RUNPATH_SEARCH_PATHS = (
					"$(inherited)",
					"@executable_path/Frameworks",
					"@executable_path/../../Frameworks",
				);
				MARKETING_VERSION = 1.0;
				PRODUCT_BUNDLE_IDENTIFIER = dev.murmurations.Explorer.Exploration;
				PRODUCT_NAME = "$(TARGET_NAME)";
				SKIP_INSTALL = YES;
				SWIFT_EMIT_LOC_STRINGS = YES;
				SWIFT_VERSION = 5.0;
				TARGETED_DEVICE_FAMILY = "1,2";
			};
			name = Release;
		};
/* End XCBuildConfiguration section */

/* Begin XCConfigurationList section */
		8FC60B932B8B85E1000B0A8C /* Build configuration list for PBXProject "Explorer" */ = {
			isa = XCConfigurationList;
			buildConfigurations = (
				8FC60BBA2B8B85E3000B0A8C /* Debug */,
				8FC60BBB2B8B85E3000B0A8C /* Release */,
			);
			defaultConfigurationIsVisible = 0;
			defaultConfigurationName = Release;
		};
		8FC60BBC2B8B85E3000B0A8C /* Build configuration list for PBXNativeTarget "Explorer" */ = {
			isa = XCConfigurationList;
			buildConfigurations = (
				8FC60BBD2B8B85E3000B0A8C /* Debug */,
				8FC60BBE2B8B85E3000B0A8C /* Release */,
			);
			defaultConfigurationIsVisible = 0;
			defaultConfigurationName = Release;
		};
		8FC60BBF2B8B85E3000B0A8C /* Build configuration list for PBXNativeTarget "ExplorerTests" */ = {
			isa = XCConfigurationList;
			buildConfigurations = (
				8FC60BC02B8B85E3000B0A8C /* Debug */,
				8FC60BC12B8B85E3000B0A8C /* Release */,
			);
			defaultConfigurationIsVisible = 0;
			defaultConfigurationName = Release;
		};
		8FC60BC22B8B85E3000B0A8C /* Build configuration list for PBXNativeTarget "ExplorerUITests" */ = {
			isa = XCConfigurationList;
			buildConfigurations = (
				8FC60BC32B8B85E3000B0A8C /* Debug */,
				8FC60BC42B8B85E3000B0A8C /* Release */,
			);
			defaultConfigurationIsVisible = 0;
			defaultConfigurationName = Release;
		};
		8FC60C052B8D0B23000B0A8C /* Build configuration list for PBXNativeTarget "ExplorationExtension" */ = {
			isa = XCConfigurationList;
			buildConfigurations = (
				8FC60C062B8D0B23000B0A8C /* Debug */,
				8FC60C072B8D0B23000B0A8C /* Release */,
			);
			defaultConfigurationIsVisible = 0;
			defaultConfigurationName = Release;
		};
/* End XCConfigurationList section */

/* Begin XCRemoteSwiftPackageReference section */
		8FA98F702B8D2C10004360E9 /* XCRemoteSwiftPackageReference "AsyncExtensions" */ = {
			isa = XCRemoteSwiftPackageReference;
			repositoryURL = "https://github.com/sideeffect-io/AsyncExtensions";
			requirement = {
				kind = upToNextMajorVersion;
				minimumVersion = 0.5.2;
			};
		};
		8FA98F772B8DCE1F004360E9 /* XCRemoteSwiftPackageReference "swift-async-algorithms" */ = {
			isa = XCRemoteSwiftPackageReference;
			repositoryURL = "https://github.com/apple/swift-async-algorithms.git";
			requirement = {
				kind = upToNextMajorVersion;
				minimumVersion = 1.0.0;
			};
		};
/* End XCRemoteSwiftPackageReference section */

/* Begin XCSwiftPackageProductDependency section */
		8FA98F712B8D2C10004360E9 /* AsyncExtensions */ = {
			isa = XCSwiftPackageProductDependency;
			package = 8FA98F702B8D2C10004360E9 /* XCRemoteSwiftPackageReference "AsyncExtensions" */;
			productName = AsyncExtensions;
		};
		8FA98F732B8D2C83004360E9 /* AsyncExtensions */ = {
			isa = XCSwiftPackageProductDependency;
			package = 8FA98F702B8D2C10004360E9 /* XCRemoteSwiftPackageReference "AsyncExtensions" */;
			productName = AsyncExtensions;
		};
		8FA98F782B8DCE1F004360E9 /* AsyncAlgorithms */ = {
			isa = XCSwiftPackageProductDependency;
			package = 8FA98F772B8DCE1F004360E9 /* XCRemoteSwiftPackageReference "swift-async-algorithms" */;
			productName = AsyncAlgorithms;
		};
/* End XCSwiftPackageProductDependency section */
	};
	rootObject = 8FC60B902B8B85E1000B0A8C /* Project object */;
}
